{
  "name": "sumikko-keiri",
  "version": "1.0.0",
  "lockfileVersion": 3,
  "requires": true,
  "packages": {
    "": {
      "name": "sumikko-keiri",
      "version": "1.0.0",
      "license": "ISC",
      "dependencies": {
        "cordova-plugin-camera": "^7.0.0",
        "cordova-plugin-inappbrowser": "^6.0.0"
      },
      "engines": {
        "node": ">=18"
      }
    },
    "node_modules/cordova-plugin-camera": {
      "version": "7.0.0",
      "resolved": "https://registry.npmjs.org/cordova-plugin-camera/-/cordova-plugin-camera-7.0.0.tgz",
      "integrity": "sha512-OVQWZTBb18Y6e5c+bbXt3E4Z1yGnYqaywh2h5vVr/+nxMcdMIE+lm527bRK5vLN/RUqhGYP/Z+5n+O7Fk7fVNw==",
      "license": "Apache-2.0",
      "engines": {
        "cordovaDependencies": {
          "3.0.0": {
            "cordova-android": ">=6.3.0"
          },
          "4.1.0": {
            "cordova": ">=7.1.0",
            "cordova-android": ">=6.3.0"
          },
          "5.0.0": {
            "cordova": ">=9.0.0",
            "cordova-android": ">=9.0.0",
            "cordova-ios": ">=5.1.0"
          },
          "5.0.4-dev": {
            "cordova": ">=9.0.0",
            "cordova-android": "<10.0.0",
            "cordova-ios": ">=5.1.0"
          },
          "6.0.0": {
            "cordova": ">=9.0.0",
            "cordova-android": ">=10.0.0",
            "cordova-ios": ">=5.1.0"
          },
          "7.0.0": {
            "cordova": ">=9.0.0",
            "cordova-android": ">=12.0.0",
            "cordova-ios": ">=5.1.0"
          },
          "8.0.0": {
            "cordova": ">100"
          }
        }
      }
    },
    "node_modules/cordova-plugin-inappbrowser": {
      "version": "6.0.1",
      "resolved": "https://registry.npmjs.org/cordova-plugin-inappbrowser/-/cordova-plugin-inappbrowser-6.0.1.tgz",
      "integrity": "sha512-Kx5fNUVJGh2MOWhloEZRmISnX/JEGs2ZAUK/LXBTj/6YcCJt2tc4mc1HypgEgiyINxPEoDUI/MeFGXdoEU8RxA==",
      "license": "Apache-2.0",
      "engines": {
        "cordovaDependencies": {
          "0.2.3": {
            "cordova": ">=3.1.0"
          },
          "4.0.0": {
            "cordova": ">=3.1.0",
            "cordova-ios": ">=4.0.0"
          },
          "5.0.0": {
            "cordova": ">=9.0.0",
            "cordova-android": ">=9.0.0",
            "cordova-ios": ">=6.0.0"
          },
          "6.0.0": {
            "cordova": ">=9.0.0",
            "cordova-android": ">=10.0.0",
            "cordova-ios": ">=6.0.0"
          },
          "7.0.0": {
            "cordova": ">100"
          }
        }
      }
    }
  }
}
